
Microsoft Visual Studio Solution File, Format Version 12.00
# Visual Studio Version 17
VisualStudioVersion = 17.0.31903.59
MinimumVisualStudioVersion = 10.0.40219.1
Project("{2150E333-8FDC-42A3-9474-1A3956D46DE8}") = "src", "src", "{827E0CD3-B72D-47B6-A68D-7590B98EB39B}"
EndProject
Project("{FAE04EC0-301F-11D3-BF4B-00C04F79EFBC}") = "PLS.AppHost", "src\PLS.AppHost\PLS.AppHost.csproj", "{1028A89E-7DD9-41D4-802A-918C2A3D901A}"
EndProject
Project("{FAE04EC0-301F-11D3-BF4B-00C04F79EFBC}") = "PLS.Api", "src\PLS.Api\PLS.Api.csproj", "{00A41D28-2CCC-4D60-8F02-7FC0BD8847BF}"
EndProject
Project("{FAE04EC0-301F-11D3-BF4B-00C04F79EFBC}") = "PLS.ServiceDefaults", "src\PLS.ServiceDefaults\PLS.ServiceDefaults.csproj", "{BAA4938B-CAF8-433A-87F0-D5285EDC7B0D}"
EndProject
Project("{FAE04EC0-301F-11D3-BF4B-00C04F79EFBC}") = "PLS.AgentHost", "src\PLS.AgentHost\PLS.AgentHost.csproj", "{5DDDBB5A-F8F7-492F-BCD8-BFAD2C83C1EF}"
EndProject
Project("{FAE04EC0-301F-11D3-BF4B-00C04F79EFBC}") = "PLS.Shared", "src\PLS.Shared\PLS.Shared.csproj", "{FD71AC81-D361-4FE4-A37F-4537EE68CADF}"
EndProject
Project("{2150E333-8FDC-42A3-9474-1A3956D46DE8}") = "tests", "tests", "{0AB3BF05-4346-4AA6-1389-037BE0695223}"
EndProject
Project("{FAE04EC0-301F-11D3-BF4B-00C04F79EFBC}") = "PLS.Api.Tests", "tests\PLS.Api.Tests\PLS.Api.Tests.csproj", "{A44C89A1-2F4C-414A-ADB7-D6D103F6E0D4}"
EndProject
Project("{FAE04EC0-301F-11D3-BF4B-00C04F79EFBC}") = "PLS.AgentHost.Tests", "tests\PLS.AgentHost.Tests\PLS.AgentHost.Tests.csproj", "{518DCBEB-AE99-4D3A-BAB1-3602960AB7EC}"
EndProject
Global
	GlobalSection(SolutionConfigurationPlatforms) = preSolution
		Debug|Any CPU = Debug|Any CPU
		Debug|x64 = Debug|x64
		Debug|x86 = Debug|x86
		Release|Any CPU = Release|Any CPU
		Release|x64 = Release|x64
		Release|x86 = Release|x86
	EndGlobalSection
	GlobalSection(ProjectConfigurationPlatforms) = postSolution
		{1028A89E-7DD9-41D4-802A-918C2A3D901A}.Debug|Any CPU.ActiveCfg = Debug|Any CPU
		{1028A89E-7DD9-41D4-802A-918C2A3D901A}.Debug|Any CPU.Build.0 = Debug|Any CPU
		{1028A89E-7DD9-41D4-802A-918C2A3D901A}.Debug|x64.ActiveCfg = Debug|Any CPU
		{1028A89E-7DD9-41D4-802A-918C2A3D901A}.Debug|x64.Build.0 = Debug|Any CPU
		{1028A89E-7DD9-41D4-802A-918C2A3D901A}.Debug|x86.ActiveCfg = Debug|Any CPU
		{1028A89E-7DD9-41D4-802A-918C2A3D901A}.Debug|x86.Build.0 = Debug|Any CPU
		{1028A89E-7DD9-41D4-802A-918C2A3D901A}.Release|Any CPU.ActiveCfg = Release|Any CPU
		{1028A89E-7DD9-41D4-802A-918C2A3D901A}.Release|Any CPU.Build.0 = Release|Any CPU
		{1028A89E-7DD9-41D4-802A-918C2A3D901A}.Release|x64.ActiveCfg = Release|Any CPU
		{1028A89E-7DD9-41D4-802A-918C2A3D901A}.Release|x64.Build.0 = Release|Any CPU
		{1028A89E-7DD9-41D4-802A-918C2A3D901A}.Release|x86.ActiveCfg = Release|Any CPU
		{1028A89E-7DD9-41D4-802A-918C2A3D901A}.Release|x86.Build.0 = Release|Any CPU
		{00A41D28-2CCC-4D60-8F02-7FC0BD8847BF}.Debug|Any CPU.ActiveCfg = Debug|Any CPU
		{00A41D28-2CCC-4D60-8F02-7FC0BD8847BF}.Debug|Any CPU.Build.0 = Debug|Any CPU
		{00A41D28-2CCC-4D60-8F02-7FC0BD8847BF}.Debug|x64.ActiveCfg = Debug|Any CPU
		{00A41D28-2CCC-4D60-8F02-7FC0BD8847BF}.Debug|x64.Build.0 = Debug|Any CPU
		{00A41D28-2CCC-4D60-8F02-7FC0BD8847BF}.Debug|x86.ActiveCfg = Debug|Any CPU
		{00A41D28-2CCC-4D60-8F02-7FC0BD8847BF}.Debug|x86.Build.0 = Debug|Any CPU
		{00A41D28-2CCC-4D60-8F02-7FC0BD8847BF}.Release|Any CPU.ActiveCfg = Release|Any CPU
		{00A41D28-2CCC-4D60-8F02-7FC0BD8847BF}.Release|Any CPU.Build.0 = Release|Any CPU
		{00A41D28-2CCC-4D60-8F02-7FC0BD8847BF}.Release|x64.ActiveCfg = Release|Any CPU
		{00A41D28-2CCC-4D60-8F02-7FC0BD8847BF}.Release|x64.Build.0 = Release|Any CPU
		{00A41D28-2CCC-4D60-8F02-7FC0BD8847BF}.Release|x86.ActiveCfg = Release|Any CPU
		{00A41D28-2CCC-4D60-8F02-7FC0BD8847BF}.Release|x86.Build.0 = Release|Any CPU
		{BAA4938B-CAF8-433A-87F0-D5285EDC7B0D}.Debug|Any CPU.ActiveCfg = Debug|Any CPU
		{BAA4938B-CAF8-433A-87F0-D5285EDC7B0D}.Debug|Any CPU.Build.0 = Debug|Any CPU
		{BAA4938B-CAF8-433A-87F0-D5285EDC7B0D}.Debug|x64.ActiveCfg = Debug|Any CPU
		{BAA4938B-CAF8-433A-87F0-D5285EDC7B0D}.Debug|x64.Build.0 = Debug|Any CPU
		{BAA4938B-CAF8-433A-87F0-D5285EDC7B0D}.Debug|x86.ActiveCfg = Debug|Any CPU
		{BAA4938B-CAF8-433A-87F0-D5285EDC7B0D}.Debug|x86.Build.0 = Debug|Any CPU
		{BAA4938B-CAF8-433A-87F0-D5285EDC7B0D}.Release|Any CPU.ActiveCfg = Release|Any CPU
		{BAA4938B-CAF8-433A-87F0-D5285EDC7B0D}.Release|Any CPU.Build.0 = Release|Any CPU
		{BAA4938B-CAF8-433A-87F0-D5285EDC7B0D}.Release|x64.ActiveCfg = Release|Any CPU
		{BAA4938B-CAF8-433A-87F0-D5285EDC7B0D}.Release|x64.Build.0 = Release|Any CPU
		{BAA4938B-CAF8-433A-87F0-D5285EDC7B0D}.Release|x86.ActiveCfg = Release|Any CPU
		{BAA4938B-CAF8-433A-87F0-D5285EDC7B0D}.Release|x86.Build.0 = Release|Any CPU
		{5DDDBB5A-F8F7-492F-BCD8-BFAD2C83C1EF}.Debug|Any CPU.ActiveCfg = Debug|Any CPU
		{5DDDBB5A-F8F7-492F-BCD8-BFAD2C83C1EF}.Debug|Any CPU.Build.0 = Debug|Any CPU
		{5DDDBB5A-F8F7-492F-BCD8-BFAD2C83C1EF}.Debug|x64.ActiveCfg = Debug|Any CPU
		{5DDDBB5A-F8F7-492F-BCD8-BFAD2C83C1EF}.Debug|x64.Build.0 = Debug|Any CPU
		{5DDDBB5A-F8F7-492F-BCD8-BFAD2C83C1EF}.Debug|x86.ActiveCfg = Debug|Any CPU
		{5DDDBB5A-F8F7-492F-BCD8-BFAD2C83C1EF}.Debug|x86.Build.0 = Debug|Any CPU
		{5DDDBB5A-F8F7-492F-BCD8-BFAD2C83C1EF}.Release|Any CPU.ActiveCfg = Release|Any CPU
		{5DDDBB5A-F8F7-492F-BCD8-BFAD2C83C1EF}.Release|Any CPU.Build.0 = Release|Any CPU
		{5DDDBB5A-F8F7-492F-BCD8-BFAD2C83C1EF}.Release|x64.ActiveCfg = Release|Any CPU
		{5DDDBB5A-F8F7-492F-BCD8-BFAD2C83C1EF}.Release|x64.Build.0 = Release|Any CPU
		{5DDDBB5A-F8F7-492F-BCD8-BFAD2C83C1EF}.Release|x86.ActiveCfg = Release|Any CPU
		{5DDDBB5A-F8F7-492F-BCD8-BFAD2C83C1EF}.Release|x86.Build.0 = Release|Any CPU
		{FD71AC81-D361-4FE4-A37F-4537EE68CADF}.Debug|Any CPU.ActiveCfg = Debug|Any CPU
		{FD71AC81-D361-4FE4-A37F-4537EE68CADF}.Debug|Any CPU.Build.0 = Debug|Any CPU
		{FD71AC81-D361-4FE4-A37F-4537EE68CADF}.Debug|x64.ActiveCfg = Debug|Any CPU
		{FD71AC81-D361-4FE4-A37F-4537EE68CADF}.Debug|x64.Build.0 = Debug|Any CPU
		{FD71AC81-D361-4FE4-A37F-4537EE68CADF}.Debug|x86.ActiveCfg = Debug|Any CPU
		{FD71AC81-D361-4FE4-A37F-4537EE68CADF}.Debug|x86.Build.0 = Debug|Any CPU
		{FD71AC81-D361-4FE4-A37F-4537EE68CADF}.Release|Any CPU.ActiveCfg = Release|Any CPU
		{FD71AC81-D361-4FE4-A37F-4537EE68CADF}.Release|Any CPU.Build.0 = Release|Any CPU
		{FD71AC81-D361-4FE4-A37F-4537EE68CADF}.Release|x64.ActiveCfg = Release|Any CPU
		{FD71AC81-D361-4FE4-A37F-4537EE68CADF}.Release|x64.Build.0 = Release|Any CPU
		{FD71AC81-D361-4FE4-A37F-4537EE68CADF}.Release|x86.ActiveCfg = Release|Any CPU
		{FD71AC81-D361-4FE4-A37F-4537EE68CADF}.Release|x86.Build.0 = Release|Any CPU
		{A44C89A1-2F4C-414A-ADB7-D6D103F6E0D4}.Debug|Any CPU.ActiveCfg = Debug|Any CPU
		{A44C89A1-2F4C-414A-ADB7-D6D103F6E0D4}.Debug|Any CPU.Build.0 = Debug|Any CPU
		{A44C89A1-2F4C-414A-ADB7-D6D103F6E0D4}.Debug|x64.ActiveCfg = Debug|Any CPU
		{A44C89A1-2F4C-414A-ADB7-D6D103F6E0D4}.Debug|x64.Build.0 = Debug|Any CPU
		{A44C89A1-2F4C-414A-ADB7-D6D103F6E0D4}.Debug|x86.ActiveCfg = Debug|Any CPU
		{A44C89A1-2F4C-414A-ADB7-D6D103F6E0D4}.Debug|x86.Build.0 = Debug|Any CPU
		{A44C89A1-2F4C-414A-ADB7-D6D103F6E0D4}.Release|Any CPU.ActiveCfg = Release|Any CPU
		{A44C89A1-2F4C-414A-ADB7-D6D103F6E0D4}.Release|Any CPU.Build.0 = Release|Any CPU
		{A44C89A1-2F4C-414A-ADB7-D6D103F6E0D4}.Release|x64.ActiveCfg = Release|Any CPU
		{A44C89A1-2F4C-414A-ADB7-D6D103F6E0D4}.Release|x64.Build.0 = Release|Any CPU
		{A44C89A1-2F4C-414A-ADB7-D6D103F6E0D4}.Release|x86.ActiveCfg = Release|Any CPU
		{A44C89A1-2F4C-414A-ADB7-D6D103F6E0D4}.Release|x86.Build.0 = Release|Any CPU
		{518DCBEB-AE99-4D3A-BAB1-3602960AB7EC}.Debug|Any CPU.ActiveCfg = Debug|Any CPU
		{518DCBEB-AE99-4D3A-BAB1-3602960AB7EC}.Debug|Any CPU.Build.0 = Debug|Any CPU
		{518DCBEB-AE99-4D3A-BAB1-3602960AB7EC}.Debug|x64.ActiveCfg = Debug|Any CPU
		{518DCBEB-AE99-4D3A-BAB1-3602960AB7EC}.Debug|x64.Build.0 = Debug|Any CPU
		{518DCBEB-AE99-4D3A-BAB1-3602960AB7EC}.Debug|x86.ActiveCfg = Debug|Any CPU
		{518DCBEB-AE99-4D3A-BAB1-3602960AB7EC}.Debug|x86.Build.0 = Debug|Any CPU
		{518DCBEB-AE99-4D3A-BAB1-3602960AB7EC}.Release|Any CPU.ActiveCfg = Release|Any CPU
		{518DCBEB-AE99-4D3A-BAB1-3602960AB7EC}.Release|Any CPU.Build.0 = Release|Any CPU
		{518DCBEB-AE99-4D3A-BAB1-3602960AB7EC}.Release|x64.ActiveCfg = Release|Any CPU
		{518DCBEB-AE99-4D3A-BAB1-3602960AB7EC}.Release|x64.Build.0 = Release|Any CPU
		{518DCBEB-AE99-4D3A-BAB1-3602960AB7EC}.Release|x86.ActiveCfg = Release|Any CPU
		{518DCBEB-AE99-4D3A-BAB1-3602960AB7EC}.Release|x86.Build.0 = Release|Any CPU
	EndGlobalSection
	GlobalSection(SolutionProperties) = preSolution
		HideSolutionNode = FALSE
	EndGlobalSection
	GlobalSection(NestedProjects) = preSolution
		{1028A89E-7DD9-41D4-802A-918C2A3D901A} = {827E0CD3-B72D-47B6-A68D-7590B98EB39B}
		{00A41D28-2CCC-4D60-8F02-7FC0BD8847BF} = {827E0CD3-B72D-47B6-A68D-7590B98EB39B}
		{BAA4938B-CAF8-433A-87F0-D5285EDC7B0D} = {827E0CD3-B72D-47B6-A68D-7590B98EB39B}
		{5DDDBB5A-F8F7-492F-BCD8-BFAD2C83C1EF} = {827E0CD3-B72D-47B6-A68D-7590B98EB39B}
		{FD71AC81-D361-4FE4-A37F-4537EE68CADF} = {827E0CD3-B72D-47B6-A68D-7590B98EB39B}
		{A44C89A1-2F4C-414A-ADB7-D6D103F6E0D4} = {0AB3BF05-4346-4AA6-1389-037BE0695223}
		{518DCBEB-AE99-4D3A-BAB1-3602960AB7EC} = {0AB3BF05-4346-4AA6-1389-037BE0695223}
	EndGlobalSection
EndGlobal
